// !$*UTF8*$!
{
	archiveVersion = 1;
	classes = {
	};
	objectVersion = 46;
	objects = {

/* Begin PBXBuildFile section */
		47C74E491F9D07C400C973E8 /* main.swift in Sources */ = {isa = PBXBuildFile; fileRef = 47C74E481F9D07C400C973E8 /* main.swift */; };
		47C74E501F9D084900C973E8 /* Config.swift in Sources */ = {isa = PBXBuildFile; fileRef = 47C74E4F1F9D084900C973E8 /* Config.swift */; };
		47C74E521F9D085800C973E8 /* DateUtil.swift in Sources */ = {isa = PBXBuildFile; fileRef = 47C74E511F9D085800C973E8 /* DateUtil.swift */; };
		47C74E541F9D086100C973E8 /* EmailUtil.swift in Sources */ = {isa = PBXBuildFile; fileRef = 47C74E531F9D086100C973E8 /* EmailUtil.swift */; };
		47C74E561F9D086F00C973E8 /* Formatter.swift in Sources */ = {isa = PBXBuildFile; fileRef = 47C74E551F9D086F00C973E8 /* Formatter.swift */; };
		47C74E581F9D088900C973E8 /* Summarizer.swift in Sources */ = {isa = PBXBuildFile; fileRef = 47C74E571F9D088900C973E8 /* Summarizer.swift */; };
		47C74E5A1F9D089600C973E8 /* Task.swift in Sources */ = {isa = PBXBuildFile; fileRef = 47C74E591F9D089600C973E8 /* Task.swift */; };
		47C74E5E1F9D0C4700C973E8 /* Test.swift in Sources */ = {isa = PBXBuildFile; fileRef = 47C74E5D1F9D0C4700C973E8 /* Test.swift */; };
/* End PBXBuildFile section */

/* Begin PBXCopyFilesBuildPhase section */
		47C74E431F9D07C400C973E8 /* CopyFiles */ = {
			isa = PBXCopyFilesBuildPhase;
			buildActionMask = 2147483647;
			dstPath = /usr/share/man/man1/;
			dstSubfolderSpec = 0;
			files = (
			);
			runOnlyForDeploymentPostprocessing = 1;
		};
/* End PBXCopyFilesBuildPhase section */

/* Begin PBXFileReference section */
		47C74E451F9D07C400C973E8 /* weekly-summary */ = {isa = PBXFileReference; explicitFileType = "compiled.mach-o.executable"; includeInIndex = 0; path = "weekly-summary"; sourceTree = BUILT_PRODUCTS_DIR; };
		47C74E481F9D07C400C973E8 /* main.swift */ = {isa = PBXFileReference; lastKnownFileType = sourcecode.swift; path = main.swift; sourceTree = "<group>"; };
		47C74E4F1F9D084900C973E8 /* Config.swift */ = {isa = PBXFileReference; fileEncoding = 4; lastKnownFileType = sourcecode.swift; path = Config.swift; sourceTree = "<group>"; };
		47C74E511F9D085800C973E8 /* DateUtil.swift */ = {isa = PBXFileReference; fileEncoding = 4; lastKnownFileType = sourcecode.swift; path = DateUtil.swift; sourceTree = "<group>"; };
		47C74E531F9D086100C973E8 /* EmailUtil.swift */ = {isa = PBXFileReference; fileEncoding = 4; lastKnownFileType = sourcecode.swift; path = EmailUtil.swift; sourceTree = "<group>"; };
		47C74E551F9D086F00C973E8 /* Formatter.swift */ = {isa = PBXFileReference; fileEncoding = 4; lastKnownFileType = sourcecode.swift; path = Formatter.swift; sourceTree = "<group>"; };
		47C74E571F9D088900C973E8 /* Summarizer.swift */ = {isa = PBXFileReference; fileEncoding = 4; lastKnownFileType = sourcecode.swift; path = Summarizer.swift; sourceTree = "<group>"; };
		47C74E591F9D089600C973E8 /* Task.swift */ = {isa = PBXFileReference; fileEncoding = 4; lastKnownFileType = sourcecode.swift; path = Task.swift; sourceTree = "<group>"; };
		47C74E5D1F9D0C4700C973E8 /* Test.swift */ = {isa = PBXFileReference; fileEncoding = 4; lastKnownFileType = sourcecode.swift; path = Test.swift; sourceTree = "<group>"; };
/* End PBXFileReference section */

/* Begin PBXFrameworksBuildPhase section */
		47C74E421F9D07C400C973E8 /* Frameworks */ = {
			isa = PBXFrameworksBuildPhase;
			buildActionMask = 2147483647;
			files = (
			);
			runOnlyForDeploymentPostprocessing = 0;
		};
/* End PBXFrameworksBuildPhase section */

/* Begin PBXGroup section */
		47C74E3C1F9D07C400C973E8 = {
			isa = PBXGroup;
			children = (
				47C74E471F9D07C400C973E8 /* weekly-summary */,
				47C74E461F9D07C400C973E8 /* Products */,
			);
			sourceTree = "<group>";
		};
		47C74E461F9D07C400C973E8 /* Products */ = {
			isa = PBXGroup;
			children = (
				47C74E451F9D07C400C973E8 /* weekly-summary */,
			);
			name = Products;
			sourceTree = "<group>";
		};
		47C74E471F9D07C400C973E8 /* weekly-summary */ = {
			isa = PBXGroup;
			children = (
				47C74E481F9D07C400C973E8 /* main.swift */,
				47C74E551F9D086F00C973E8 /* Formatter.swift */,
				47C74E511F9D085800C973E8 /* DateUtil.swift */,
				47C74E571F9D088900C973E8 /* Summarizer.swift */,
				47C74E531F9D086100C973E8 /* EmailUtil.swift */,
				47C74E5D1F9D0C4700C973E8 /* Test.swift */,
				47C74E591F9D089600C973E8 /* Task.swift */,
				47C74E4F1F9D084900C973E8 /* Config.swift */,
			);
			path = "weekly-summary";
			sourceTree = "<group>";
		};
/* End PBXGroup section */

/* Begin PBXNativeTarget section */
		47C74E441F9D07C400C973E8 /* weekly-summary */ = {
			isa = PBXNativeTarget;
			buildConfigurationList = 47C74E4C1F9D07C400C973E8 /* Build configuration list for PBXNativeTarget "weekly-summary" */;
			buildPhases = (
				47C74E411F9D07C400C973E8 /* Sources */,
				47C74E421F9D07C400C973E8 /* Frameworks */,
				47C74E431F9D07C400C973E8 /* CopyFiles */,
			);
			buildRules = (
			);
			dependencies = (
			);
			name = "weekly-summary";
			productName = "weekly-summary";
			productReference = 47C74E451F9D07C400C973E8 /* weekly-summary */;
			productType = "com.apple.product-type.tool";
		};
/* End PBXNativeTarget section */

/* Begin PBXProject section */
		47C74E3D1F9D07C400C973E8 /* Project object */ = {
			isa = PBXProject;
			attributes = {
				LastSwiftUpdateCheck = 0800;
				LastUpgradeCheck = 0800;
				ORGANIZATIONNAME = "Eliezer Abate";
				TargetAttributes = {
					47C74E441F9D07C400C973E8 = {
						CreatedOnToolsVersion = 8.0;
						ProvisioningStyle = Automatic;
					};
				};
			};
			buildConfigurationList = 47C74E401F9D07C400C973E8 /* Build configuration list for PBXProject "weekly-summary" */;
			compatibilityVersion = "Xcode 3.2";
			developmentRegion = English;
			hasScannedForEncodings = 0;
			knownRegions = (
				en,
			);
			mainGroup = 47C74E3C1F9D07C400C973E8;
			productRefGroup = 47C74E461F9D07C400C973E8 /* Products */;
			projectDirPath = "";
			projectRoot = "";
			targets = (
				47C74E441F9D07C400C973E8 /* weekly-summary */,
			);
		};
/* End PBXProject section */

/* Begin PBXSourcesBuildPhase section */
		47C74E411F9D07C400C973E8 /* Sources */ = {
			isa = PBXSourcesBuildPhase;
			buildActionMask = 2147483647;
			files = (
				47C74E541F9D086100C973E8 /* EmailUtil.swift in Sources */,
				47C74E521F9D085800C973E8 /* DateUtil.swift in Sources */,
				47C74E561F9D086F00C973E8 /* Formatter.swift in Sources */,
				47C74E491F9D07C400C973E8 /* main.swift in Sources */,
				47C74E581F9D088900C973E8 /* Summarizer.swift in Sources */,
				47C74E5E1F9D0C4700C973E8 /* Test.swift in Sources */,
				47C74E5A1F9D089600C973E8 /* Task.swift in Sources */,
				47C74E501F9D084900C973E8 /* Config.swift in Sources */,
			);
			runOnlyForDeploymentPostprocessing = 0;
		};
/* End PBXSourcesBuildPhase section */

/* Begin XCBuildConfiguration section */
		47C74E4A1F9D07C400C973E8 /* Debug */ = {
			isa = XCBuildConfiguration;
			buildSettings = {
				ALWAYS_SEARCH_USER_PATHS = NO;
				CLANG_ANALYZER_NONNULL = YES;
				CLANG_CXX_LANGUAGE_STANDARD = "gnu++0x";
				CLANG_CXX_LIBRARY = "libc++";
				CLANG_ENABLE_MODULES = YES;
				CLANG_ENABLE_OBJC_ARC = YES;
				CLANG_WARN_BOOL_CONVERSION = YES;
				CLANG_WARN_CONSTANT_CONVERSION = YES;
				CLANG_WARN_DIRECT_OBJC_ISA_USAGE = YES_ERROR;
				CLANG_WARN_DOCUMENTATION_COMMENTS = YES;
				CLANG_WARN_EMPTY_BODY = YES;
				CLANG_WARN_ENUM_CONVERSION = YES;
				CLANG_WARN_INFINITE_RECURSION = YES;
				CLANG_WARN_INT_CONVERSION = YES;
				CLANG_WARN_OBJC_ROOT_CLASS = YES_ERROR;
				CLANG_WARN_SUSPICIOUS_MOVES = YES;
				CLANG_WARN_UNREACHABLE_CODE = YES;
				CLANG_WARN__DUPLICATE_METHOD_MATCH = YES;
				CODE_SIGN_IDENTITY = "-";
				COPY_PHASE_STRIP = NO;
				DEBUG_INFORMATION_FORMAT = dwarf;
				ENABLE_STRICT_OBJC_MSGSEND = YES;
				ENABLE_TESTABILITY = YES;
				GCC_C_LANGUAGE_STANDARD = gnu99;
				GCC_DYNAMIC_NO_PIC = NO;
				GCC_NO_COMMON_BLOCKS = YES;
				GCC_OPTIMIZATION_LEVEL = 0;
				GCC_PREPROCESSOR_DEFINITIONS = (
					"DEBUG=1",
					"$(inherited)",
				);
				GCC_WARN_64_TO_32_BIT_CONVERSION = YES;
				GCC_WARN_ABOUT_RETURN_TYPE = YES_ERROR;
				GCC_WARN_UNDECLARED_SELECTOR = YES;
				GCC_WARN_UNINITIALIZED_AUTOS = YES_AGGRESSIVE;
				GCC_WARN_UNUSED_FUNCTION = YES;
				GCC_WARN_UNUSED_VARIABLE = YES;
				MACOSX_DEPLOYMENT_TARGET = 10.11;
				MTL_ENABLE_DEBUG_INFO = YES;
				ONLY_ACTIVE_ARCH = YES;
				SDKROOT = macosx;
				SWIFT_OPTIMIZATION_LEVEL = "-Onone";
			};
			name = Debug;
		};
		47C74E4B1F9D07C400C973E8 /* Release */ = {
			isa = XCBuildConfiguration;
			buildSettings = {
				ALWAYS_SEARCH_USER_PATHS = NO;
				CLANG_ANALYZER_NONNULL = YES;
				CLANG_CXX_LANGUAGE_STANDARD = "gnu++0x";
				CLANG_CXX_LIBRARY = "libc++";
				CLANG_ENABLE_MODULES = YES;
				CLANG_ENABLE_OBJC_ARC = YES;
				CLANG_WARN_BOOL_CONVERSION = YES;
				CLANG_WARN_CONSTANT_CONVERSION = YES;
				CLANG_WARN_DIRECT_OBJC_ISA_USAGE = YES_ERROR;
				CLANG_WARN_DOCUMENTATION_COMMENTS = YES;
				CLANG_WARN_EMPTY_BODY = YES;
				CLANG_WARN_ENUM_CONVERSION = YES;
				CLANG_WARN_INFINITE_RECURSION = YES;
				CLANG_WARN_INT_CONVERSION = YES;
				CLANG_WARN_OBJC_ROOT_CLASS = YES_ERROR;
				CLANG_WARN_SUSPICIOUS_MOVES = YES;
				CLANG_WARN_UNREACHABLE_CODE = YES;
				CLANG_WARN__DUPLICATE_METHOD_MATCH = YES;
				CODE_SIGN_IDENTITY = "-";
				COPY_PHASE_STRIP = NO;
				DEBUG_INFORMATION_FORMAT = "dwarf-with-dsym";
				ENABLE_NS_ASSERTIONS = NO;
				ENABLE_STRICT_OBJC_MSGSEND = YES;
				GCC_C_LANGUAGE_STANDARD = gnu99;
				GCC_NO_COMMON_BLOCKS = YES;
				GCC_WARN_64_TO_32_BIT_CONVERSION = YES;
				GCC_WARN_ABOUT_RETURN_TYPE = YES_ERROR;
				GCC_WARN_UNDECLARED_SELECTOR = YES;
				GCC_WARN_UNINITIALIZED_AUTOS = YES_AGGRESSIVE;
				GCC_WARN_UNUSED_FUNCTION = YES;
				GCC_WARN_UNUSED_VARIABLE = YES;
				MACOSX_DEPLOYMENT_TARGET = 10.11;
				MTL_ENABLE_DEBUG_INFO = NO;
				SDKROOT = macosx;
			};
			name = Release;
		};
		47C74E4D1F9D07C400C973E8 /* Debug */ = {
			isa = XCBuildConfiguration;
			buildSettings = {
				PRODUCT_NAME = "$(TARGET_NAME)";
				SWIFT_VERSION = 3.0;
			};
			name = Debug;
		};
		47C74E4E1F9D07C400C973E8 /* Release */ = {
			isa = XCBuildConfiguration;
			buildSettings = {
				PRODUCT_NAME = "$(TARGET_NAME)";
				SWIFT_VERSION = 3.0;
			};
			name = Release;
		};
/* End XCBuildConfiguration section */

/* Begin XCConfigurationList section */
		47C74E401F9D07C400C973E8 /* Build configuration list for PBXProject "weekly-summary" */ = {
			isa = XCConfigurationList;
			buildConfigurations = (
				47C74E4A1F9D07C400C973E8 /* Debug */,
				47C74E4B1F9D07C400C973E8 /* Release */,
			);
			defaultConfigurationIsVisible = 0;
			defaultConfigurationName = Release;
		};
		47C74E4C1F9D07C400C973E8 /* Build configuration list for PBXNativeTarget "weekly-summary" */ = {
			isa = XCConfigurationList;
			buildConfigurations = (
				47C74E4D1F9D07C400C973E8 /* Debug */,
				47C74E4E1F9D07C400C973E8 /* Release */,
			);
			defaultConfigurationIsVisible = 0;
			defaultConfigurationName = Release;
		};
/* End XCConfigurationList section */
	};
	rootObject = 47C74E3D1F9D07C400C973E8 /* Project object */;
}
